// !$*UTF8*$!
{
	archiveVersion = 1;
	classes = {
	};
	objectVersion = 50;
	objects = {

/* Begin PBXGroup section */
		F41D526320CE1D4100F8B120 = {
			isa = PBXGroup;
			children = (
			);
			sourceTree = "<group>";
		};
/* End PBXGroup section */

/* Begin PBXProject section */
		F41D526420CE1D4100F8B120 /* Project object */ = {
			isa = PBXProject;
			attributes = {
				LastUpgradeCheck = 0940;
			};
			buildConfigurationList = F41D526720CE1D4100F8B120 /* Build configuration list for PBXProject "opencl-cuda-problem-set-1" */;
			compatibilityVersion = "Xcode 9.3";
			developmentRegion = en;
			hasScannedForEncodings = 0;
			knownRegions = (
				en,
			);
			mainGroup = F41D526320CE1D4100F8B120;
			projectDirPath = "";
			projectRoot = "";
			targets = (
			);
		};
/* End PBXProject section */

/* Begin XCBuildConfiguration section */
		F41D526820CE1D4100F8B120 /* Debug */ = {
			isa = XCBuildConfiguration;
			buildSettings = {
			};
			name = Debug;
		};
		F41D526920CE1D4100F8B120 /* Release */ = {
			isa = XCBuildConfiguration;
			buildSettings = {
			};
			name = Release;
		};
/* End XCBuildConfiguration section */

/* Begin XCConfigurationList section */
		F41D526720CE1D4100F8B120 /* Build configuration list for PBXProject "opencl-cuda-problem-set-1" */ = {
			isa = XCConfigurationList;
			buildConfigurations = (
				F41D526820CE1D4100F8B120 /* Debug */,
				F41D526920CE1D4100F8B120 /* Release */,
			);
			defaultConfigurationIsVisible = 0;
			defaultConfigurationName = Release;
		};
/* End XCConfigurationList section */
	};
	rootObject = F41D526420CE1D4100F8B120 /* Project object */;
}
